
Microsoft Visual Studio Solution File, Format Version 12.00
# Visual Studio Version 16
VisualStudioVersion = 16.0.29613.14
MinimumVisualStudioVersion = 10.0.40219.1
Project("{FAE04EC0-301F-11D3-BF4B-00C04F79EFBC}") = "blocks", "blocks\blocks.csproj", "{A21C73A1-95D4-4774-A139-846E54BAABB4}"
EndProject
Global
	GlobalSection(SolutionConfigurationPlatforms) = preSolution
		Debug|Any CPU = Debug|Any CPU
		Release|Any CPU = Release|Any CPU
	EndGlobalSection
	GlobalSection(ProjectConfigurationPlatforms) = postSolution
		{A21C73A1-95D4-4774-A139-846E54BAABB4}.Debug|Any CPU.ActiveCfg = Debug|Any CPU
		{A21C73A1-95D4-4774-A139-846E54BAABB4}.Debug|Any CPU.Build.0 = Debug|Any CPU
		{A21C73A1-95D4-4774-A139-846E54BAABB4}.Release|Any CPU.ActiveCfg = Release|Any CPU
		{A21C73A1-95D4-4774-A139-846E54BAABB4}.Release|Any CPU.Build.0 = Release|Any CPU
	EndGlobalSection
	GlobalSection(SolutionProperties) = preSolution
		HideSolutionNode = FALSE
	EndGlobalSection
	GlobalSection(ExtensibilityGlobals) = postSolution
		SolutionGuid = {55F6BDA2-562E-436B-93A3-EA284577B5BB}
	EndGlobalSection
EndGlobal
